
Microsoft Visual Studio Solution File, Format Version 12.00
# Visual Studio Version 16
VisualStudioVersion = 16.0.29326.143
MinimumVisualStudioVersion = 10.0.40219.1
Project("{888888A0-9F3D-457C-B088-3A5042F75D52}") = "NN2", "NN2\NN2.pyproj", "{E78ECB5D-7103-4515-B503-4555F2ABEBA0}"
EndProject
Global
	GlobalSection(SolutionConfigurationPlatforms) = preSolution
		Debug|Any CPU = Debug|Any CPU
		Release|Any CPU = Release|Any CPU
	EndGlobalSection
	GlobalSection(ProjectConfigurationPlatforms) = postSolution
		{E78ECB5D-7103-4515-B503-4555F2ABEBA0}.Debug|Any CPU.ActiveCfg = Debug|Any CPU
		{E78ECB5D-7103-4515-B503-4555F2ABEBA0}.Release|Any CPU.ActiveCfg = Release|Any CPU
	EndGlobalSection
	GlobalSection(SolutionProperties) = preSolution
		HideSolutionNode = FALSE
	EndGlobalSection
	GlobalSection(ExtensibilityGlobals) = postSolution
		SolutionGuid = {1846B405-F095-479A-8512-DCC3762EEE28}
	EndGlobalSection
EndGlobal
